
Microsoft Visual Studio Solution File, Format Version 12.00
# Visual Studio 14
VisualStudioVersion = 14.0.25420.1
MinimumVisualStudioVersion = 10.0.40219.1
Project("{2150E333-8FDC-42A3-9474-1A3956D46DE8}") = "src", "src", "{2E4F22A2-739C-4B90-B330-F1D92EE60427}"
EndProject
Project("{2150E333-8FDC-42A3-9474-1A3956D46DE8}") = "Solution Items", "Solution Items", "{E4B236BB-6800-4315-9E48-D69AE1347990}"
	ProjectSection(SolutionItems) = preProject
		global.json = global.json
	EndProjectSection
EndProject
Project("{8BB2217D-0F2D-49D1-97BC-3654ED321F3B}") = "RTMAutoRest.Web", "src\RTMAutoRest.Web\RTMAutoRest.Web.xproj", "{64ED4B1D-3CB0-45AD-BD34-5E07F9465266}"
EndProject
Project("{8BB2217D-0F2D-49D1-97BC-3654ED321F3B}") = "RTMAutoRest.API", "src\RTMAutoRest.API\RTMAutoRest.API.xproj", "{742C06CF-D567-434F-BF7D-02186665D7AF}"
EndProject
Project("{8BB2217D-0F2D-49D1-97BC-3654ED321F3B}") = "RTMAutoRest.Clients", "src\RTMAutoRest.Clients\RTMAutoRest.Clients.xproj", "{C65D7D86-26BE-4B2B-ADE5-6A05BF0CEEA9}"
EndProject
Global
	GlobalSection(SolutionConfigurationPlatforms) = preSolution
		Debug|Any CPU = Debug|Any CPU
		Release|Any CPU = Release|Any CPU
	EndGlobalSection
	GlobalSection(ProjectConfigurationPlatforms) = postSolution
		{64ED4B1D-3CB0-45AD-BD34-5E07F9465266}.Debug|Any CPU.ActiveCfg = Debug|Any CPU
		{64ED4B1D-3CB0-45AD-BD34-5E07F9465266}.Debug|Any CPU.Build.0 = Debug|Any CPU
		{64ED4B1D-3CB0-45AD-BD34-5E07F9465266}.Release|Any CPU.ActiveCfg = Release|Any CPU
		{64ED4B1D-3CB0-45AD-BD34-5E07F9465266}.Release|Any CPU.Build.0 = Release|Any CPU
		{742C06CF-D567-434F-BF7D-02186665D7AF}.Debug|Any CPU.ActiveCfg = Debug|Any CPU
		{742C06CF-D567-434F-BF7D-02186665D7AF}.Debug|Any CPU.Build.0 = Debug|Any CPU
		{742C06CF-D567-434F-BF7D-02186665D7AF}.Release|Any CPU.ActiveCfg = Release|Any CPU
		{742C06CF-D567-434F-BF7D-02186665D7AF}.Release|Any CPU.Build.0 = Release|Any CPU
		{C65D7D86-26BE-4B2B-ADE5-6A05BF0CEEA9}.Debug|Any CPU.ActiveCfg = Debug|Any CPU
		{C65D7D86-26BE-4B2B-ADE5-6A05BF0CEEA9}.Debug|Any CPU.Build.0 = Debug|Any CPU
		{C65D7D86-26BE-4B2B-ADE5-6A05BF0CEEA9}.Release|Any CPU.ActiveCfg = Release|Any CPU
		{C65D7D86-26BE-4B2B-ADE5-6A05BF0CEEA9}.Release|Any CPU.Build.0 = Release|Any CPU
	EndGlobalSection
	GlobalSection(SolutionProperties) = preSolution
		HideSolutionNode = FALSE
	EndGlobalSection
	GlobalSection(NestedProjects) = preSolution
		{64ED4B1D-3CB0-45AD-BD34-5E07F9465266} = {2E4F22A2-739C-4B90-B330-F1D92EE60427}
		{742C06CF-D567-434F-BF7D-02186665D7AF} = {2E4F22A2-739C-4B90-B330-F1D92EE60427}
		{C65D7D86-26BE-4B2B-ADE5-6A05BF0CEEA9} = {2E4F22A2-739C-4B90-B330-F1D92EE60427}
	EndGlobalSection
EndGlobal
